{
  "name": "@anthropic/openclaw-wechat-work",
  "version": "0.1.0",
  "lockfileVersion": 3,
  "requires": true,
  "packages": {
    "": {
      "name": "@anthropic/openclaw-wechat-work",
      "version": "0.1.0",
      "dependencies": {
        "fast-xml-parser": "^5.3.5"
      }
    },
    "node_modules/fast-xml-builder": {
      "version": "1.1.3",
      "resolved": "https://registry.npmjs.org/fast-xml-builder/-/fast-xml-builder-1.1.3.tgz",
      "integrity": "sha512-1o60KoFw2+LWKQu3IdcfcFlGTW4dpqEWmjhYec6H82AYZU2TVBXep6tMl8Z1Y+wM+ZrzCwe3BZ9Vyd9N2rIvmg==",
      "funding": [
        {
          "type": "github",
          "url": "https://github.com/sponsors/NaturalIntelligence"
        }
      ],
      "license": "MIT",
      "dependencies": {
        "path-expression-matcher": "^1.1.3"
      }
    },
    "node_modules/fast-xml-parser": {
      "version": "5.5.5",
      "resolved": "https://registry.npmjs.org/fast-xml-parser/-/fast-xml-parser-5.5.5.tgz",
      "integrity": "sha512-NLY+V5NNbdmiEszx9n14mZBseJTC50bRq1VHsaxOmR72JDuZt+5J1Co+dC/4JPnyq+WrIHNM69r0sqf7BMb3Mg==",
      "funding": [
        {
          "type": "github",
          "url": "https://github.com/sponsors/NaturalIntelligence"
        }
      ],
      "license": "MIT",
      "dependencies": {
        "fast-xml-builder": "^1.1.3",
        "path-expression-matcher": "^1.1.3",
        "strnum": "^2.1.2"
      },
      "bin": {
        "fxparser": "src/cli/cli.js"
      }
    },
    "node_modules/path-expression-matcher": {
      "version": "1.1.3",
      "resolved": "https://registry.npmjs.org/path-expression-matcher/-/path-expression-matcher-1.1.3.tgz",
      "integrity": "sha512-qdVgY8KXmVdJZRSS1JdEPOKPdTiEK/pi0RkcT2sw1RhXxohdujUlJFPuS1TSkevZ9vzd3ZlL7ULl1MHGTApKzQ==",
      "funding": [
        {
          "type": "github",
          "url": "https://github.com/sponsors/NaturalIntelligence"
        }
      ],
      "license": "MIT",
      "engines": {
        "node": ">=14.0.0"
      }
    },
    "node_modules/strnum": {
      "version": "2.2.0",
      "resolved": "https://registry.npmjs.org/strnum/-/strnum-2.2.0.tgz",
      "integrity": "sha512-Y7Bj8XyJxnPAORMZj/xltsfo55uOiyHcU2tnAVzHUnSJR/KsEX+9RoDeXEnsXtl/CX4fAcrt64gZ13aGaWPeBg==",
      "funding": [
        {
          "type": "github",
          "url": "https://github.com/sponsors/NaturalIntelligence"
        }
      ],
      "license": "MIT"
    }
  }
}
